{
  "name": "unique-array-utils",
  "version": "1.0.1",
  "lockfileVersion": 3,
  "requires": true,
  "packages": {
    "": {
      "name": "unique-array-utils",
      "version": "1.0.1",
      "license": "ISC",
      "dependencies": {
        "array-utils": "file:",
        "unique-array-utils": "file:"
      }
    },
    "node_modules/array-utils": {
      "resolved": "",
      "link": true
    },
    "node_modules/unique-array-utils": {
      "resolved": "",
      "link": true
    }
  }
}
